
Microsoft Visual Studio Solution File, Format Version 12.00
# Visual Studio 15
VisualStudioVersion = 15.0.26730.10
MinimumVisualStudioVersion = 10.0.40219.1

Project("{6EC3EE1D-3C4E-46DD-8F32-0CC8E7565705}") = "SmartRecipes", "SmartRecipes\SmartRecipes.fsproj", "{5F03AB34-2904-4691-AF3F-BECEC59B1DBC}"
EndProject

Project("{F2A71F9B-5D33-465A-A702-920D77279786}") = "SmartRecipes.Android", "SmartRecipes.Android\SmartRecipes.Android.fsproj", "{15C84395-57E9-4C42-B768-E71DC9FE5107}"
EndProject


Project("{F2A71F9B-5D33-465A-A702-920D77279786}") = "SmartRecipes.iOS", "SmartRecipes.iOS\SmartRecipes.iOS.fsproj", "{98861A1E-10AF-47F3-ADF9-D2305192FECF}"
EndProject




Global
	GlobalSection(SolutionConfigurationPlatforms) = preSolution
		Ad-Hoc|Any CPU = Ad-Hoc|Any CPU
		Ad-Hoc|ARM = Ad-Hoc|ARM
		Ad-Hoc|iPhone = Ad-Hoc|iPhone
		Ad-Hoc|iPhoneSimulator = Ad-Hoc|iPhoneSimulator
		Ad-Hoc|x64 = Ad-Hoc|x64
		Ad-Hoc|x86 = Ad-Hoc|x86
		AppStore|Any CPU = AppStore|Any CPU
		AppStore|ARM = AppStore|ARM
		AppStore|iPhone = AppStore|iPhone
		AppStore|iPhoneSimulator = AppStore|iPhoneSimulator
		AppStore|x64 = AppStore|x64
		AppStore|x86 = AppStore|x86
		Debug|Any CPU = Debug|Any CPU
		Debug|ARM = Debug|ARM
		Debug|iPhone = Debug|iPhone
		Debug|iPhoneSimulator = Debug|iPhoneSimulator
		Debug|x64 = Debug|x64
		Debug|x86 = Debug|x86
		Release|Any CPU = Release|Any CPU
		Release|ARM = Release|ARM
		Release|iPhone = Release|iPhone
		Release|iPhoneSimulator = Release|iPhoneSimulator
		Release|x64 = Release|x64
		Release|x86 = Release|x86
	EndGlobalSection
	GlobalSection(ProjectConfigurationPlatforms) = postSolution
		{5F03AB34-2904-4691-AF3F-BECEC59B1DBC}.Ad-Hoc|Any CPU.ActiveCfg = Debug|Any CPU
		{5F03AB34-2904-4691-AF3F-BECEC59B1DBC}.Ad-Hoc|Any CPU.Build.0 = Debug|Any CPU
		{5F03AB34-2904-4691-AF3F-BECEC59B1DBC}.Ad-Hoc|ARM.ActiveCfg = Debug|Any CPU
		{5F03AB34-2904-4691-AF3F-BECEC59B1DBC}.Ad-Hoc|ARM.Build.0 = Debug|Any CPU
		{5F03AB34-2904-4691-AF3F-BECEC59B1DBC}.Ad-Hoc|iPhone.ActiveCfg = Debug|Any CPU
		{5F03AB34-2904-4691-AF3F-BECEC59B1DBC}.Ad-Hoc|iPhone.Build.0 = Debug|Any CPU
		{5F03AB34-2904-4691-AF3F-BECEC59B1DBC}.Ad-Hoc|iPhoneSimulator.ActiveCfg = Debug|Any CPU
		{5F03AB34-2904-4691-AF3F-BECEC59B1DBC}.Ad-Hoc|iPhoneSimulator.Build.0 = Debug|Any CPU
		{5F03AB34-2904-4691-AF3F-BECEC59B1DBC}.Ad-Hoc|x64.ActiveCfg = Debug|Any CPU
		{5F03AB34-2904-4691-AF3F-BECEC59B1DBC}.Ad-Hoc|x64.Build.0 = Debug|Any CPU
		{5F03AB34-2904-4691-AF3F-BECEC59B1DBC}.Ad-Hoc|x86.ActiveCfg = Debug|Any CPU
		{5F03AB34-2904-4691-AF3F-BECEC59B1DBC}.Ad-Hoc|x86.Build.0 = Debug|Any CPU
		{5F03AB34-2904-4691-AF3F-BECEC59B1DBC}.AppStore|Any CPU.ActiveCfg = Debug|Any CPU
		{5F03AB34-2904-4691-AF3F-BECEC59B1DBC}.AppStore|Any CPU.Build.0 = Debug|Any CPU
		{5F03AB34-2904-4691-AF3F-BECEC59B1DBC}.AppStore|ARM.ActiveCfg = Debug|Any CPU
		{5F03AB34-2904-4691-AF3F-BECEC59B1DBC}.AppStore|ARM.Build.0 = Debug|Any CPU
		{5F03AB34-2904-4691-AF3F-BECEC59B1DBC}.AppStore|iPhone.ActiveCfg = Debug|Any CPU
		{5F03AB34-2904-4691-AF3F-BECEC59B1DBC}.AppStore|iPhone.Build.0 = Debug|Any CPU
		{5F03AB34-2904-4691-AF3F-BECEC59B1DBC}.AppStore|iPhoneSimulator.ActiveCfg = Debug|Any CPU
		{5F03AB34-2904-4691-AF3F-BECEC59B1DBC}.AppStore|iPhoneSimulator.Build.0 = Debug|Any CPU
		{5F03AB34-2904-4691-AF3F-BECEC59B1DBC}.AppStore|x64.ActiveCfg = Debug|Any CPU
		{5F03AB34-2904-4691-AF3F-BECEC59B1DBC}.AppStore|x64.Build.0 = Debug|Any CPU
		{5F03AB34-2904-4691-AF3F-BECEC59B1DBC}.AppStore|x86.ActiveCfg = Debug|Any CPU
		{5F03AB34-2904-4691-AF3F-BECEC59B1DBC}.AppStore|x86.Build.0 = Debug|Any CPU
		{5F03AB34-2904-4691-AF3F-BECEC59B1DBC}.Debug|Any CPU.ActiveCfg = Debug|Any CPU
		{5F03AB34-2904-4691-AF3F-BECEC59B1DBC}.Debug|Any CPU.Build.0 = Debug|Any CPU
		{5F03AB34-2904-4691-AF3F-BECEC59B1DBC}.Debug|ARM.ActiveCfg = Debug|Any CPU
		{5F03AB34-2904-4691-AF3F-BECEC59B1DBC}.Debug|ARM.Build.0 = Debug|Any CPU
		{5F03AB34-2904-4691-AF3F-BECEC59B1DBC}.Debug|iPhone.ActiveCfg = Debug|Any CPU
		{5F03AB34-2904-4691-AF3F-BECEC59B1DBC}.Debug|iPhone.Build.0 = Debug|Any CPU
		{5F03AB34-2904-4691-AF3F-BECEC59B1DBC}.Debug|iPhoneSimulator.ActiveCfg = Debug|Any CPU
		{5F03AB34-2904-4691-AF3F-BECEC59B1DBC}.Debug|iPhoneSimulator.Build.0 = Debug|Any CPU
		{5F03AB34-2904-4691-AF3F-BECEC59B1DBC}.Debug|x64.ActiveCfg = Debug|Any CPU
		{5F03AB34-2904-4691-AF3F-BECEC59B1DBC}.Debug|x64.Build.0 = Debug|Any CPU
		{5F03AB34-2904-4691-AF3F-BECEC59B1DBC}.Debug|x86.ActiveCfg = Debug|Any CPU
		{5F03AB34-2904-4691-AF3F-BECEC59B1DBC}.Debug|x86.Build.0 = Debug|Any CPU
		{5F03AB34-2904-4691-AF3F-BECEC59B1DBC}.Release|Any CPU.ActiveCfg = Release|Any CPU
		{5F03AB34-2904-4691-AF3F-BECEC59B1DBC}.Release|Any CPU.Build.0 = Release|Any CPU
		{5F03AB34-2904-4691-AF3F-BECEC59B1DBC}.Release|ARM.ActiveCfg = Release|Any CPU
		{5F03AB34-2904-4691-AF3F-BECEC59B1DBC}.Release|ARM.Build.0 = Release|Any CPU
		{5F03AB34-2904-4691-AF3F-BECEC59B1DBC}.Release|iPhone.ActiveCfg = Release|Any CPU
		{5F03AB34-2904-4691-AF3F-BECEC59B1DBC}.Release|iPhone.Build.0 = Release|Any CPU
		{5F03AB34-2904-4691-AF3F-BECEC59B1DBC}.Release|iPhoneSimulator.ActiveCfg = Release|Any CPU
		{5F03AB34-2904-4691-AF3F-BECEC59B1DBC}.Release|iPhoneSimulator.Build.0 = Release|Any CPU
		{5F03AB34-2904-4691-AF3F-BECEC59B1DBC}.Release|x64.ActiveCfg = Release|Any CPU
		{5F03AB34-2904-4691-AF3F-BECEC59B1DBC}.Release|x64.Build.0 = Release|Any CPU
		{5F03AB34-2904-4691-AF3F-BECEC59B1DBC}.Release|x86.ActiveCfg = Release|Any CPU
		{5F03AB34-2904-4691-AF3F-BECEC59B1DBC}.Release|x86.Build.0 = Release|Any CPU
		{98861A1E-10AF-47F3-ADF9-D2305192FECF}.Ad-Hoc|Any CPU.ActiveCfg = Ad-Hoc|iPhone
		{98861A1E-10AF-47F3-ADF9-D2305192FECF}.Ad-Hoc|ARM.ActiveCfg = Ad-Hoc|iPhone
		{98861A1E-10AF-47F3-ADF9-D2305192FECF}.Ad-Hoc|iPhone.ActiveCfg = Ad-Hoc|iPhone
		{98861A1E-10AF-47F3-ADF9-D2305192FECF}.Ad-Hoc|iPhone.Build.0 = Ad-Hoc|iPhone
		{98861A1E-10AF-47F3-ADF9-D2305192FECF}.Ad-Hoc|iPhoneSimulator.ActiveCfg = Ad-Hoc|iPhoneSimulator
		{98861A1E-10AF-47F3-ADF9-D2305192FECF}.Ad-Hoc|iPhoneSimulator.Build.0 = Ad-Hoc|iPhoneSimulator
		{98861A1E-10AF-47F3-ADF9-D2305192FECF}.Ad-Hoc|x64.ActiveCfg = Ad-Hoc|iPhone
		{98861A1E-10AF-47F3-ADF9-D2305192FECF}.Ad-Hoc|x86.ActiveCfg = Ad-Hoc|iPhone
		{98861A1E-10AF-47F3-ADF9-D2305192FECF}.AppStore|Any CPU.ActiveCfg = AppStore|iPhone
		{98861A1E-10AF-47F3-ADF9-D2305192FECF}.AppStore|ARM.ActiveCfg = AppStore|iPhone
		{98861A1E-10AF-47F3-ADF9-D2305192FECF}.AppStore|iPhone.ActiveCfg = AppStore|iPhone
		{98861A1E-10AF-47F3-ADF9-D2305192FECF}.AppStore|iPhone.Build.0 = AppStore|iPhone
		{98861A1E-10AF-47F3-ADF9-D2305192FECF}.AppStore|iPhoneSimulator.ActiveCfg = AppStore|iPhoneSimulator
		{98861A1E-10AF-47F3-ADF9-D2305192FECF}.AppStore|iPhoneSimulator.Build.0 = AppStore|iPhoneSimulator
		{98861A1E-10AF-47F3-ADF9-D2305192FECF}.AppStore|x64.ActiveCfg = AppStore|iPhone
		{98861A1E-10AF-47F3-ADF9-D2305192FECF}.AppStore|x86.ActiveCfg = AppStore|iPhone
		{98861A1E-10AF-47F3-ADF9-D2305192FECF}.Debug|Any CPU.ActiveCfg = Debug|iPhone
		{98861A1E-10AF-47F3-ADF9-D2305192FECF}.Debug|ARM.ActiveCfg = Debug|iPhone
		{98861A1E-10AF-47F3-ADF9-D2305192FECF}.Debug|iPhone.ActiveCfg = Debug|iPhone
		{98861A1E-10AF-47F3-ADF9-D2305192FECF}.Debug|iPhone.Build.0 = Debug|iPhone
		{98861A1E-10AF-47F3-ADF9-D2305192FECF}.Debug|iPhoneSimulator.ActiveCfg = Debug|iPhoneSimulator
		{98861A1E-10AF-47F3-ADF9-D2305192FECF}.Debug|iPhoneSimulator.Build.0 = Debug|iPhoneSimulator
		{98861A1E-10AF-47F3-ADF9-D2305192FECF}.Debug|x64.ActiveCfg = Debug|iPhone
		{98861A1E-10AF-47F3-ADF9-D2305192FECF}.Debug|x86.ActiveCfg = Debug|iPhone
		{98861A1E-10AF-47F3-ADF9-D2305192FECF}.Release|Any CPU.ActiveCfg = Release|iPhone
		{98861A1E-10AF-47F3-ADF9-D2305192FECF}.Release|ARM.ActiveCfg = Release|iPhone
		{98861A1E-10AF-47F3-ADF9-D2305192FECF}.Release|iPhone.ActiveCfg = Release|iPhone
		{98861A1E-10AF-47F3-ADF9-D2305192FECF}.Release|iPhone.Build.0 = Release|iPhone
		{98861A1E-10AF-47F3-ADF9-D2305192FECF}.Release|iPhoneSimulator.ActiveCfg = Release|iPhoneSimulator
		{98861A1E-10AF-47F3-ADF9-D2305192FECF}.Release|iPhoneSimulator.Build.0 = Release|iPhoneSimulator
		{98861A1E-10AF-47F3-ADF9-D2305192FECF}.Release|x64.ActiveCfg = Release|iPhone
		{98861A1E-10AF-47F3-ADF9-D2305192FECF}.Release|x86.ActiveCfg = Release|iPhone
		{E208BC89-07D1-4BAF-A17B-12E691701637}.Ad-Hoc|Any CPU.ActiveCfg = Release|x86
		{E208BC89-07D1-4BAF-A17B-12E691701637}.Ad-Hoc|Any CPU.Build.0 = Release|x86
		{E208BC89-07D1-4BAF-A17B-12E691701637}.Ad-Hoc|Any CPU.Deploy.0 = Release|x86
		{E208BC89-07D1-4BAF-A17B-12E691701637}.Ad-Hoc|ARM.ActiveCfg = Release|ARM
		{E208BC89-07D1-4BAF-A17B-12E691701637}.Ad-Hoc|ARM.Build.0 = Release|ARM
		{E208BC89-07D1-4BAF-A17B-12E691701637}.Ad-Hoc|ARM.Deploy.0 = Release|ARM
		{E208BC89-07D1-4BAF-A17B-12E691701637}.Ad-Hoc|iPhone.ActiveCfg = Release|x86
		{E208BC89-07D1-4BAF-A17B-12E691701637}.Ad-Hoc|iPhone.Build.0 = Release|x86
		{E208BC89-07D1-4BAF-A17B-12E691701637}.Ad-Hoc|iPhone.Deploy.0 = Release|x86
		{E208BC89-07D1-4BAF-A17B-12E691701637}.Ad-Hoc|iPhoneSimulator.ActiveCfg = Release|x86
		{E208BC89-07D1-4BAF-A17B-12E691701637}.Ad-Hoc|iPhoneSimulator.Build.0 = Release|x86
		{E208BC89-07D1-4BAF-A17B-12E691701637}.Ad-Hoc|iPhoneSimulator.Deploy.0 = Release|x86
		{E208BC89-07D1-4BAF-A17B-12E691701637}.Ad-Hoc|x64.ActiveCfg = Release|x64
		{E208BC89-07D1-4BAF-A17B-12E691701637}.Ad-Hoc|x64.Build.0 = Release|x64
		{E208BC89-07D1-4BAF-A17B-12E691701637}.Ad-Hoc|x64.Deploy.0 = Release|x64
		{E208BC89-07D1-4BAF-A17B-12E691701637}.Ad-Hoc|x86.ActiveCfg = Release|x86
		{E208BC89-07D1-4BAF-A17B-12E691701637}.Ad-Hoc|x86.Build.0 = Release|x86
		{E208BC89-07D1-4BAF-A17B-12E691701637}.Ad-Hoc|x86.Deploy.0 = Release|x86
		{E208BC89-07D1-4BAF-A17B-12E691701637}.AppStore|Any CPU.ActiveCfg = Release|x86
		{E208BC89-07D1-4BAF-A17B-12E691701637}.AppStore|Any CPU.Build.0 = Release|x86
		{E208BC89-07D1-4BAF-A17B-12E691701637}.AppStore|Any CPU.Deploy.0 = Release|x86
		{E208BC89-07D1-4BAF-A17B-12E691701637}.AppStore|ARM.ActiveCfg = Release|ARM
		{E208BC89-07D1-4BAF-A17B-12E691701637}.AppStore|ARM.Build.0 = Release|ARM
		{E208BC89-07D1-4BAF-A17B-12E691701637}.AppStore|ARM.Deploy.0 = Release|ARM
		{E208BC89-07D1-4BAF-A17B-12E691701637}.AppStore|iPhone.ActiveCfg = Release|x86
		{E208BC89-07D1-4BAF-A17B-12E691701637}.AppStore|iPhone.Build.0 = Release|x86
		{E208BC89-07D1-4BAF-A17B-12E691701637}.AppStore|iPhone.Deploy.0 = Release|x86
		{E208BC89-07D1-4BAF-A17B-12E691701637}.AppStore|iPhoneSimulator.ActiveCfg = Release|x86
		{E208BC89-07D1-4BAF-A17B-12E691701637}.AppStore|iPhoneSimulator.Build.0 = Release|x86
		{E208BC89-07D1-4BAF-A17B-12E691701637}.AppStore|iPhoneSimulator.Deploy.0 = Release|x86
		{E208BC89-07D1-4BAF-A17B-12E691701637}.AppStore|x64.ActiveCfg = Release|x64
		{E208BC89-07D1-4BAF-A17B-12E691701637}.AppStore|x64.Build.0 = Release|x64
		{E208BC89-07D1-4BAF-A17B-12E691701637}.AppStore|x64.Deploy.0 = Release|x64
		{E208BC89-07D1-4BAF-A17B-12E691701637}.AppStore|x86.ActiveCfg = Release|x86
		{E208BC89-07D1-4BAF-A17B-12E691701637}.AppStore|x86.Build.0 = Release|x86
		{E208BC89-07D1-4BAF-A17B-12E691701637}.AppStore|x86.Deploy.0 = Release|x86
		{E208BC89-07D1-4BAF-A17B-12E691701637}.Debug|Any CPU.ActiveCfg = Debug|x86
		{E208BC89-07D1-4BAF-A17B-12E691701637}.Debug|ARM.ActiveCfg = Debug|ARM
		{E208BC89-07D1-4BAF-A17B-12E691701637}.Debug|ARM.Build.0 = Debug|ARM
		{E208BC89-07D1-4BAF-A17B-12E691701637}.Debug|ARM.Deploy.0 = Debug|ARM
		{E208BC89-07D1-4BAF-A17B-12E691701637}.Debug|iPhone.ActiveCfg = Debug|x86
		{E208BC89-07D1-4BAF-A17B-12E691701637}.Debug|iPhoneSimulator.ActiveCfg = Debug|x86
		{E208BC89-07D1-4BAF-A17B-12E691701637}.Debug|x64.ActiveCfg = Debug|x64
		{E208BC89-07D1-4BAF-A17B-12E691701637}.Debug|x64.Build.0 = Debug|x64
		{E208BC89-07D1-4BAF-A17B-12E691701637}.Debug|x64.Deploy.0 = Debug|x64
		{E208BC89-07D1-4BAF-A17B-12E691701637}.Debug|x86.ActiveCfg = Debug|x86
		{E208BC89-07D1-4BAF-A17B-12E691701637}.Debug|x86.Build.0 = Debug|x86
		{E208BC89-07D1-4BAF-A17B-12E691701637}.Debug|x86.Deploy.0 = Debug|x86
		{E208BC89-07D1-4BAF-A17B-12E691701637}.Release|Any CPU.ActiveCfg = Release|x86
		{E208BC89-07D1-4BAF-A17B-12E691701637}.Release|ARM.ActiveCfg = Release|ARM
		{E208BC89-07D1-4BAF-A17B-12E691701637}.Release|ARM.Build.0 = Release|ARM
		{E208BC89-07D1-4BAF-A17B-12E691701637}.Release|ARM.Deploy.0 = Release|ARM
		{E208BC89-07D1-4BAF-A17B-12E691701637}.Release|iPhone.ActiveCfg = Release|x86
		{E208BC89-07D1-4BAF-A17B-12E691701637}.Release|iPhoneSimulator.ActiveCfg = Release|x86
		{E208BC89-07D1-4BAF-A17B-12E691701637}.Release|x64.ActiveCfg = Release|x64
		{E208BC89-07D1-4BAF-A17B-12E691701637}.Release|x64.Build.0 = Release|x64
		{E208BC89-07D1-4BAF-A17B-12E691701637}.Release|x64.Deploy.0 = Release|x64
		{E208BC89-07D1-4BAF-A17B-12E691701637}.Release|x86.ActiveCfg = Release|x86
		{E208BC89-07D1-4BAF-A17B-12E691701637}.Release|x86.Build.0 = Release|x86
		{E208BC89-07D1-4BAF-A17B-12E691701637}.Release|x86.Deploy.0 = Release|x86
		{C63F15A0-0A68-45BC-A38B-91EB866288B1}.Ad-Hoc|Any CPU.ActiveCfg = Release|Any CPU
		{C63F15A0-0A68-45BC-A38B-91EB866288B1}.Ad-Hoc|Any CPU.Build.0 = Release|Any CPU
		{C63F15A0-0A68-45BC-A38B-91EB866288B1}.Ad-Hoc|ARM.ActiveCfg = Release|Any CPU
		{C63F15A0-0A68-45BC-A38B-91EB866288B1}.Ad-Hoc|ARM.Build.0 = Release|Any CPU
		{C63F15A0-0A68-45BC-A38B-91EB866288B1}.Ad-Hoc|iPhone.ActiveCfg = Release|Any CPU
		{C63F15A0-0A68-45BC-A38B-91EB866288B1}.Ad-Hoc|iPhone.Build.0 = Release|Any CPU
		{C63F15A0-0A68-45BC-A38B-91EB866288B1}.Ad-Hoc|iPhoneSimulator.ActiveCfg = Release|Any CPU
		{C63F15A0-0A68-45BC-A38B-91EB866288B1}.Ad-Hoc|iPhoneSimulator.Build.0 = Release|Any CPU
		{C63F15A0-0A68-45BC-A38B-91EB866288B1}.Ad-Hoc|x64.ActiveCfg = Release|Any CPU
		{C63F15A0-0A68-45BC-A38B-91EB866288B1}.Ad-Hoc|x64.Build.0 = Release|Any CPU
		{C63F15A0-0A68-45BC-A38B-91EB866288B1}.Ad-Hoc|x86.ActiveCfg = Release|Any CPU
		{C63F15A0-0A68-45BC-A38B-91EB866288B1}.Ad-Hoc|x86.Build.0 = Release|Any CPU
		{C63F15A0-0A68-45BC-A38B-91EB866288B1}.AppStore|Any CPU.ActiveCfg = Release|Any CPU
		{C63F15A0-0A68-45BC-A38B-91EB866288B1}.AppStore|Any CPU.Build.0 = Release|Any CPU
		{C63F15A0-0A68-45BC-A38B-91EB866288B1}.AppStore|ARM.ActiveCfg = Release|Any CPU
		{C63F15A0-0A68-45BC-A38B-91EB866288B1}.AppStore|ARM.Build.0 = Release|Any CPU
		{C63F15A0-0A68-45BC-A38B-91EB866288B1}.AppStore|iPhone.ActiveCfg = Release|Any CPU
		{C63F15A0-0A68-45BC-A38B-91EB866288B1}.AppStore|iPhone.Build.0 = Release|Any CPU
		{C63F15A0-0A68-45BC-A38B-91EB866288B1}.AppStore|iPhoneSimulator.ActiveCfg = Release|Any CPU
		{C63F15A0-0A68-45BC-A38B-91EB866288B1}.AppStore|iPhoneSimulator.Build.0 = Release|Any CPU
		{C63F15A0-0A68-45BC-A38B-91EB866288B1}.AppStore|x64.ActiveCfg = Release|Any CPU
		{C63F15A0-0A68-45BC-A38B-91EB866288B1}.AppStore|x64.Build.0 = Release|Any CPU
		{C63F15A0-0A68-45BC-A38B-91EB866288B1}.AppStore|x86.ActiveCfg = Release|Any CPU
		{C63F15A0-0A68-45BC-A38B-91EB866288B1}.AppStore|x86.Build.0 = Release|Any CPU
		{C63F15A0-0A68-45BC-A38B-91EB866288B1}.Debug|Any CPU.ActiveCfg = Debug|Any CPU
		{C63F15A0-0A68-45BC-A38B-91EB866288B1}.Debug|Any CPU.Build.0 = Debug|Any CPU
		{C63F15A0-0A68-45BC-A38B-91EB866288B1}.Debug|ARM.ActiveCfg = Debug|Any CPU
		{C63F15A0-0A68-45BC-A38B-91EB866288B1}.Debug|ARM.Build.0 = Debug|Any CPU
		{C63F15A0-0A68-45BC-A38B-91EB866288B1}.Debug|iPhone.ActiveCfg = Debug|Any CPU
		{C63F15A0-0A68-45BC-A38B-91EB866288B1}.Debug|iPhone.Build.0 = Debug|Any CPU
		{C63F15A0-0A68-45BC-A38B-91EB866288B1}.Debug|iPhoneSimulator.ActiveCfg = Debug|Any CPU
		{C63F15A0-0A68-45BC-A38B-91EB866288B1}.Debug|iPhoneSimulator.Build.0 = Debug|Any CPU
		{C63F15A0-0A68-45BC-A38B-91EB866288B1}.Debug|x64.ActiveCfg = Debug|Any CPU
		{C63F15A0-0A68-45BC-A38B-91EB866288B1}.Debug|x64.Build.0 = Debug|Any CPU
		{C63F15A0-0A68-45BC-A38B-91EB866288B1}.Debug|x86.ActiveCfg = Debug|Any CPU
		{C63F15A0-0A68-45BC-A38B-91EB866288B1}.Debug|x86.Build.0 = Debug|Any CPU
		{C63F15A0-0A68-45BC-A38B-91EB866288B1}.Release|Any CPU.ActiveCfg = Release|Any CPU
		{C63F15A0-0A68-45BC-A38B-91EB866288B1}.Release|Any CPU.Build.0 = Release|Any CPU
		{C63F15A0-0A68-45BC-A38B-91EB866288B1}.Release|ARM.ActiveCfg = Release|Any CPU
		{C63F15A0-0A68-45BC-A38B-91EB866288B1}.Release|ARM.Build.0 = Release|Any CPU
		{C63F15A0-0A68-45BC-A38B-91EB866288B1}.Release|iPhone.ActiveCfg = Release|Any CPU
		{C63F15A0-0A68-45BC-A38B-91EB866288B1}.Release|iPhone.Build.0 = Release|Any CPU
		{C63F15A0-0A68-45BC-A38B-91EB866288B1}.Release|iPhoneSimulator.ActiveCfg = Release|Any CPU
		{C63F15A0-0A68-45BC-A38B-91EB866288B1}.Release|iPhoneSimulator.Build.0 = Release|Any CPU
		{C63F15A0-0A68-45BC-A38B-91EB866288B1}.Release|x64.ActiveCfg = Release|Any CPU
		{C63F15A0-0A68-45BC-A38B-91EB866288B1}.Release|x64.Build.0 = Release|Any CPU
		{C63F15A0-0A68-45BC-A38B-91EB866288B1}.Release|x86.ActiveCfg = Release|Any CPU
		{C63F15A0-0A68-45BC-A38B-91EB866288B1}.Release|x86.Build.0 = Release|Any CPU
		{2803F0F5-E833-4722-AFDB-D266CE281E85}.Ad-Hoc|Any CPU.ActiveCfg = Release|Any CPU
		{2803F0F5-E833-4722-AFDB-D266CE281E85}.Ad-Hoc|Any CPU.Build.0 = Release|Any CPU
		{2803F0F5-E833-4722-AFDB-D266CE281E85}.Ad-Hoc|ARM.ActiveCfg = Release|Any CPU
		{2803F0F5-E833-4722-AFDB-D266CE281E85}.Ad-Hoc|ARM.Build.0 = Release|Any CPU
		{2803F0F5-E833-4722-AFDB-D266CE281E85}.Ad-Hoc|iPhone.ActiveCfg = Release|Any CPU
		{2803F0F5-E833-4722-AFDB-D266CE281E85}.Ad-Hoc|iPhone.Build.0 = Release|Any CPU
		{2803F0F5-E833-4722-AFDB-D266CE281E85}.Ad-Hoc|iPhoneSimulator.ActiveCfg = Release|Any CPU
		{2803F0F5-E833-4722-AFDB-D266CE281E85}.Ad-Hoc|iPhoneSimulator.Build.0 = Release|Any CPU
		{2803F0F5-E833-4722-AFDB-D266CE281E85}.Ad-Hoc|x64.ActiveCfg = Release|Any CPU
		{2803F0F5-E833-4722-AFDB-D266CE281E85}.Ad-Hoc|x64.Build.0 = Release|Any CPU
		{2803F0F5-E833-4722-AFDB-D266CE281E85}.Ad-Hoc|x86.ActiveCfg = Release|Any CPU
		{2803F0F5-E833-4722-AFDB-D266CE281E85}.Ad-Hoc|x86.Build.0 = Release|Any CPU
		{2803F0F5-E833-4722-AFDB-D266CE281E85}.AppStore|Any CPU.ActiveCfg = Release|Any CPU
		{2803F0F5-E833-4722-AFDB-D266CE281E85}.AppStore|Any CPU.Build.0 = Release|Any CPU
		{2803F0F5-E833-4722-AFDB-D266CE281E85}.AppStore|ARM.ActiveCfg = Release|Any CPU
		{2803F0F5-E833-4722-AFDB-D266CE281E85}.AppStore|ARM.Build.0 = Release|Any CPU
		{2803F0F5-E833-4722-AFDB-D266CE281E85}.AppStore|iPhone.ActiveCfg = Release|Any CPU
		{2803F0F5-E833-4722-AFDB-D266CE281E85}.AppStore|iPhone.Build.0 = Release|Any CPU
		{2803F0F5-E833-4722-AFDB-D266CE281E85}.AppStore|iPhoneSimulator.ActiveCfg = Release|Any CPU
		{2803F0F5-E833-4722-AFDB-D266CE281E85}.AppStore|iPhoneSimulator.Build.0 = Release|Any CPU
		{2803F0F5-E833-4722-AFDB-D266CE281E85}.AppStore|x64.ActiveCfg = Release|Any CPU
		{2803F0F5-E833-4722-AFDB-D266CE281E85}.AppStore|x64.Build.0 = Release|Any CPU
		{2803F0F5-E833-4722-AFDB-D266CE281E85}.AppStore|x86.ActiveCfg = Release|Any CPU
		{2803F0F5-E833-4722-AFDB-D266CE281E85}.AppStore|x86.Build.0 = Release|Any CPU
		{2803F0F5-E833-4722-AFDB-D266CE281E85}.Debug|Any CPU.ActiveCfg = Debug|Any CPU
		{2803F0F5-E833-4722-AFDB-D266CE281E85}.Debug|Any CPU.Build.0 = Debug|Any CPU
		{2803F0F5-E833-4722-AFDB-D266CE281E85}.Debug|ARM.ActiveCfg = Debug|Any CPU
		{2803F0F5-E833-4722-AFDB-D266CE281E85}.Debug|ARM.Build.0 = Debug|Any CPU
		{2803F0F5-E833-4722-AFDB-D266CE281E85}.Debug|iPhone.ActiveCfg = Debug|Any CPU
		{2803F0F5-E833-4722-AFDB-D266CE281E85}.Debug|iPhone.Build.0 = Debug|Any CPU
		{2803F0F5-E833-4722-AFDB-D266CE281E85}.Debug|iPhoneSimulator.ActiveCfg = Debug|Any CPU
		{2803F0F5-E833-4722-AFDB-D266CE281E85}.Debug|iPhoneSimulator.Build.0 = Debug|Any CPU
		{2803F0F5-E833-4722-AFDB-D266CE281E85}.Debug|x64.ActiveCfg = Debug|Any CPU
		{2803F0F5-E833-4722-AFDB-D266CE281E85}.Debug|x64.Build.0 = Debug|Any CPU
		{2803F0F5-E833-4722-AFDB-D266CE281E85}.Debug|x86.ActiveCfg = Debug|Any CPU
		{2803F0F5-E833-4722-AFDB-D266CE281E85}.Debug|x86.Build.0 = Debug|Any CPU
		{2803F0F5-E833-4722-AFDB-D266CE281E85}.Release|Any CPU.ActiveCfg = Release|Any CPU
		{2803F0F5-E833-4722-AFDB-D266CE281E85}.Release|Any CPU.Build.0 = Release|Any CPU
		{2803F0F5-E833-4722-AFDB-D266CE281E85}.Release|ARM.ActiveCfg = Release|Any CPU
		{2803F0F5-E833-4722-AFDB-D266CE281E85}.Release|ARM.Build.0 = Release|Any CPU
		{2803F0F5-E833-4722-AFDB-D266CE281E85}.Release|iPhone.ActiveCfg = Release|Any CPU
		{2803F0F5-E833-4722-AFDB-D266CE281E85}.Release|iPhone.Build.0 = Release|Any CPU
		{2803F0F5-E833-4722-AFDB-D266CE281E85}.Release|iPhoneSimulator.ActiveCfg = Release|Any CPU
		{2803F0F5-E833-4722-AFDB-D266CE281E85}.Release|iPhoneSimulator.Build.0 = Release|Any CPU
		{2803F0F5-E833-4722-AFDB-D266CE281E85}.Release|x64.ActiveCfg = Release|Any CPU
		{2803F0F5-E833-4722-AFDB-D266CE281E85}.Release|x64.Build.0 = Release|Any CPU
		{2803F0F5-E833-4722-AFDB-D266CE281E85}.Release|x86.ActiveCfg = Release|Any CPU
		{2803F0F5-E833-4722-AFDB-D266CE281E85}.Release|x86.Build.0 = Release|Any CPU
		{15C84395-57E9-4C42-B768-E71DC9FE5107}.Ad-Hoc|Any CPU.ActiveCfg = Release|Any CPU
		{15C84395-57E9-4C42-B768-E71DC9FE5107}.Ad-Hoc|Any CPU.Build.0 = Release|Any CPU
		{15C84395-57E9-4C42-B768-E71DC9FE5107}.Ad-Hoc|ARM.ActiveCfg = Release|Any CPU
		{15C84395-57E9-4C42-B768-E71DC9FE5107}.Ad-Hoc|ARM.Build.0 = Release|Any CPU
		{15C84395-57E9-4C42-B768-E71DC9FE5107}.Ad-Hoc|iPhone.ActiveCfg = Release|Any CPU
		{15C84395-57E9-4C42-B768-E71DC9FE5107}.Ad-Hoc|iPhone.Build.0 = Release|Any CPU
		{15C84395-57E9-4C42-B768-E71DC9FE5107}.Ad-Hoc|iPhoneSimulator.ActiveCfg = Release|Any CPU
		{15C84395-57E9-4C42-B768-E71DC9FE5107}.Ad-Hoc|iPhoneSimulator.Build.0 = Release|Any CPU
		{15C84395-57E9-4C42-B768-E71DC9FE5107}.Ad-Hoc|x64.ActiveCfg = Release|Any CPU
		{15C84395-57E9-4C42-B768-E71DC9FE5107}.Ad-Hoc|x64.Build.0 = Release|Any CPU
		{15C84395-57E9-4C42-B768-E71DC9FE5107}.Ad-Hoc|x86.ActiveCfg = Release|Any CPU
		{15C84395-57E9-4C42-B768-E71DC9FE5107}.Ad-Hoc|x86.Build.0 = Release|Any CPU
		{15C84395-57E9-4C42-B768-E71DC9FE5107}.AppStore|Any CPU.ActiveCfg = Release|Any CPU
		{15C84395-57E9-4C42-B768-E71DC9FE5107}.AppStore|Any CPU.Build.0 = Release|Any CPU
		{15C84395-57E9-4C42-B768-E71DC9FE5107}.AppStore|ARM.ActiveCfg = Release|Any CPU
		{15C84395-57E9-4C42-B768-E71DC9FE5107}.AppStore|ARM.Build.0 = Release|Any CPU
		{15C84395-57E9-4C42-B768-E71DC9FE5107}.AppStore|iPhone.ActiveCfg = Release|Any CPU
		{15C84395-57E9-4C42-B768-E71DC9FE5107}.AppStore|iPhone.Build.0 = Release|Any CPU
		{15C84395-57E9-4C42-B768-E71DC9FE5107}.AppStore|iPhoneSimulator.ActiveCfg = Release|Any CPU
		{15C84395-57E9-4C42-B768-E71DC9FE5107}.AppStore|iPhoneSimulator.Build.0 = Release|Any CPU
		{15C84395-57E9-4C42-B768-E71DC9FE5107}.AppStore|x64.ActiveCfg = Release|Any CPU
		{15C84395-57E9-4C42-B768-E71DC9FE5107}.AppStore|x64.Build.0 = Release|Any CPU
		{15C84395-57E9-4C42-B768-E71DC9FE5107}.AppStore|x86.ActiveCfg = Release|Any CPU
		{15C84395-57E9-4C42-B768-E71DC9FE5107}.AppStore|x86.Build.0 = Release|Any CPU
		{15C84395-57E9-4C42-B768-E71DC9FE5107}.Debug|Any CPU.ActiveCfg = Debug|Any CPU
		{15C84395-57E9-4C42-B768-E71DC9FE5107}.Debug|Any CPU.Build.0 = Debug|Any CPU
		{15C84395-57E9-4C42-B768-E71DC9FE5107}.Debug|Any CPU.Deploy.0 = Debug|Any CPU
		{15C84395-57E9-4C42-B768-E71DC9FE5107}.Debug|ARM.ActiveCfg = Debug|Any CPU
		{15C84395-57E9-4C42-B768-E71DC9FE5107}.Debug|ARM.Build.0 = Debug|Any CPU
		{15C84395-57E9-4C42-B768-E71DC9FE5107}.Debug|iPhone.ActiveCfg = Debug|Any CPU
		{15C84395-57E9-4C42-B768-E71DC9FE5107}.Debug|iPhone.Build.0 = Debug|Any CPU
		{15C84395-57E9-4C42-B768-E71DC9FE5107}.Debug|iPhoneSimulator.ActiveCfg = Debug|Any CPU
		{15C84395-57E9-4C42-B768-E71DC9FE5107}.Debug|iPhoneSimulator.Build.0 = Debug|Any CPU
		{15C84395-57E9-4C42-B768-E71DC9FE5107}.Debug|x64.ActiveCfg = Debug|Any CPU
		{15C84395-57E9-4C42-B768-E71DC9FE5107}.Debug|x64.Build.0 = Debug|Any CPU
		{15C84395-57E9-4C42-B768-E71DC9FE5107}.Debug|x86.ActiveCfg = Debug|Any CPU
		{15C84395-57E9-4C42-B768-E71DC9FE5107}.Debug|x86.Build.0 = Debug|Any CPU
		{15C84395-57E9-4C42-B768-E71DC9FE5107}.Release|Any CPU.ActiveCfg = Release|Any CPU
		{15C84395-57E9-4C42-B768-E71DC9FE5107}.Release|Any CPU.Build.0 = Release|Any CPU
		{15C84395-57E9-4C42-B768-E71DC9FE5107}.Release|Any CPU.Deploy.0 = Release|Any CPU
		{15C84395-57E9-4C42-B768-E71DC9FE5107}.Release|ARM.ActiveCfg = Release|Any CPU
		{15C84395-57E9-4C42-B768-E71DC9FE5107}.Release|ARM.Build.0 = Release|Any CPU
		{15C84395-57E9-4C42-B768-E71DC9FE5107}.Release|iPhone.ActiveCfg = Release|Any CPU
		{15C84395-57E9-4C42-B768-E71DC9FE5107}.Release|iPhone.Build.0 = Release|Any CPU
		{15C84395-57E9-4C42-B768-E71DC9FE5107}.Release|iPhoneSimulator.ActiveCfg = Release|Any CPU
		{15C84395-57E9-4C42-B768-E71DC9FE5107}.Release|iPhoneSimulator.Build.0 = Release|Any CPU
		{15C84395-57E9-4C42-B768-E71DC9FE5107}.Release|x64.ActiveCfg = Release|Any CPU
		{15C84395-57E9-4C42-B768-E71DC9FE5107}.Release|x64.Build.0 = Release|Any CPU
		{15C84395-57E9-4C42-B768-E71DC9FE5107}.Release|x86.ActiveCfg = Release|Any CPU
		{15C84395-57E9-4C42-B768-E71DC9FE5107}.Release|x86.Build.0 = Release|Any CPU
		{2199815B-7E9C-447F-B840-542A3A21D914}.Ad-Hoc|Any CPU.ActiveCfg = Release|Any CPU
		{2199815B-7E9C-447F-B840-542A3A21D914}.Ad-Hoc|Any CPU.Build.0 = Release|Any CPU
		{2199815B-7E9C-447F-B840-542A3A21D914}.Ad-Hoc|ARM.ActiveCfg = Release|Any CPU
		{2199815B-7E9C-447F-B840-542A3A21D914}.Ad-Hoc|ARM.Build.0 = Release|Any CPU
		{2199815B-7E9C-447F-B840-542A3A21D914}.Ad-Hoc|iPhone.ActiveCfg = Release|Any CPU
		{2199815B-7E9C-447F-B840-542A3A21D914}.Ad-Hoc|iPhone.Build.0 = Release|Any CPU
		{2199815B-7E9C-447F-B840-542A3A21D914}.Ad-Hoc|iPhoneSimulator.ActiveCfg = Release|Any CPU
		{2199815B-7E9C-447F-B840-542A3A21D914}.Ad-Hoc|iPhoneSimulator.Build.0 = Release|Any CPU
		{2199815B-7E9C-447F-B840-542A3A21D914}.Ad-Hoc|x64.ActiveCfg = Release|Any CPU
		{2199815B-7E9C-447F-B840-542A3A21D914}.Ad-Hoc|x64.Build.0 = Release|Any CPU
		{2199815B-7E9C-447F-B840-542A3A21D914}.Ad-Hoc|x86.ActiveCfg = Release|Any CPU
		{2199815B-7E9C-447F-B840-542A3A21D914}.Ad-Hoc|x86.Build.0 = Release|Any CPU
		{2199815B-7E9C-447F-B840-542A3A21D914}.AppStore|Any CPU.ActiveCfg = Release|Any CPU
		{2199815B-7E9C-447F-B840-542A3A21D914}.AppStore|Any CPU.Build.0 = Release|Any CPU
		{2199815B-7E9C-447F-B840-542A3A21D914}.AppStore|ARM.ActiveCfg = Release|Any CPU
		{2199815B-7E9C-447F-B840-542A3A21D914}.AppStore|ARM.Build.0 = Release|Any CPU
		{2199815B-7E9C-447F-B840-542A3A21D914}.AppStore|iPhone.ActiveCfg = Release|Any CPU
		{2199815B-7E9C-447F-B840-542A3A21D914}.AppStore|iPhone.Build.0 = Release|Any CPU
		{2199815B-7E9C-447F-B840-542A3A21D914}.AppStore|iPhoneSimulator.ActiveCfg = Release|Any CPU
		{2199815B-7E9C-447F-B840-542A3A21D914}.AppStore|iPhoneSimulator.Build.0 = Release|Any CPU
		{2199815B-7E9C-447F-B840-542A3A21D914}.AppStore|x64.ActiveCfg = Release|Any CPU
		{2199815B-7E9C-447F-B840-542A3A21D914}.AppStore|x64.Build.0 = Release|Any CPU
		{2199815B-7E9C-447F-B840-542A3A21D914}.AppStore|x86.ActiveCfg = Release|Any CPU
		{2199815B-7E9C-447F-B840-542A3A21D914}.AppStore|x86.Build.0 = Release|Any CPU
		{2199815B-7E9C-447F-B840-542A3A21D914}.Debug|Any CPU.ActiveCfg = Debug|Any CPU
		{2199815B-7E9C-447F-B840-542A3A21D914}.Debug|Any CPU.Build.0 = Debug|Any CPU
		{2199815B-7E9C-447F-B840-542A3A21D914}.Debug|ARM.ActiveCfg = Debug|Any CPU
		{2199815B-7E9C-447F-B840-542A3A21D914}.Debug|ARM.Build.0 = Debug|Any CPU
		{2199815B-7E9C-447F-B840-542A3A21D914}.Debug|iPhone.ActiveCfg = Debug|Any CPU
		{2199815B-7E9C-447F-B840-542A3A21D914}.Debug|iPhone.Build.0 = Debug|Any CPU
		{2199815B-7E9C-447F-B840-542A3A21D914}.Debug|iPhoneSimulator.ActiveCfg = Debug|Any CPU
		{2199815B-7E9C-447F-B840-542A3A21D914}.Debug|iPhoneSimulator.Build.0 = Debug|Any CPU
		{2199815B-7E9C-447F-B840-542A3A21D914}.Debug|x64.ActiveCfg = Debug|Any CPU
		{2199815B-7E9C-447F-B840-542A3A21D914}.Debug|x64.Build.0 = Debug|Any CPU
		{2199815B-7E9C-447F-B840-542A3A21D914}.Debug|x86.ActiveCfg = Debug|Any CPU
		{2199815B-7E9C-447F-B840-542A3A21D914}.Debug|x86.Build.0 = Debug|Any CPU
		{2199815B-7E9C-447F-B840-542A3A21D914}.Release|Any CPU.ActiveCfg = Release|Any CPU
		{2199815B-7E9C-447F-B840-542A3A21D914}.Release|Any CPU.Build.0 = Release|Any CPU
		{2199815B-7E9C-447F-B840-542A3A21D914}.Release|ARM.ActiveCfg = Release|Any CPU
		{2199815B-7E9C-447F-B840-542A3A21D914}.Release|ARM.Build.0 = Release|Any CPU
		{2199815B-7E9C-447F-B840-542A3A21D914}.Release|iPhone.ActiveCfg = Release|Any CPU
		{2199815B-7E9C-447F-B840-542A3A21D914}.Release|iPhone.Build.0 = Release|Any CPU
		{2199815B-7E9C-447F-B840-542A3A21D914}.Release|iPhoneSimulator.ActiveCfg = Release|Any CPU
		{2199815B-7E9C-447F-B840-542A3A21D914}.Release|iPhoneSimulator.Build.0 = Release|Any CPU
		{2199815B-7E9C-447F-B840-542A3A21D914}.Release|x64.ActiveCfg = Release|Any CPU
		{2199815B-7E9C-447F-B840-542A3A21D914}.Release|x64.Build.0 = Release|Any CPU
		{2199815B-7E9C-447F-B840-542A3A21D914}.Release|x86.ActiveCfg = Release|Any CPU
		{2199815B-7E9C-447F-B840-542A3A21D914}.Release|x86.Build.0 = Release|Any CPU
		{5628E376-4D44-4BFA-A333-C480DBC10F71}.Ad-Hoc|Any CPU.ActiveCfg = Release|x64
		{5628E376-4D44-4BFA-A333-C480DBC10F71}.Ad-Hoc|Any CPU.Build.0 = Release|x64
		{5628E376-4D44-4BFA-A333-C480DBC10F71}.Ad-Hoc|Any CPU.Deploy.0 = Release|x64
		{5628E376-4D44-4BFA-A333-C480DBC10F71}.Ad-Hoc|ARM.ActiveCfg = Release|ARM
		{5628E376-4D44-4BFA-A333-C480DBC10F71}.Ad-Hoc|ARM.Build.0 = Release|ARM
		{5628E376-4D44-4BFA-A333-C480DBC10F71}.Ad-Hoc|ARM.Deploy.0 = Release|ARM
		{5628E376-4D44-4BFA-A333-C480DBC10F71}.Ad-Hoc|ARM64.ActiveCfg = Release|ARM64
		{5628E376-4D44-4BFA-A333-C480DBC10F71}.Ad-Hoc|ARM64.Build.0 = Release|ARM64
		{5628E376-4D44-4BFA-A333-C480DBC10F71}.Ad-Hoc|ARM64.Deploy.0 = Release|ARM64
		{5628E376-4D44-4BFA-A333-C480DBC10F71}.Ad-Hoc|iPhone.ActiveCfg = Release|x64
		{5628E376-4D44-4BFA-A333-C480DBC10F71}.Ad-Hoc|iPhone.Build.0 = Release|x64
		{5628E376-4D44-4BFA-A333-C480DBC10F71}.Ad-Hoc|iPhone.Deploy.0 = Release|x64
		{5628E376-4D44-4BFA-A333-C480DBC10F71}.Ad-Hoc|iPhoneSimulator.ActiveCfg = Release|x64
		{5628E376-4D44-4BFA-A333-C480DBC10F71}.Ad-Hoc|iPhoneSimulator.Build.0 = Release|x64
		{5628E376-4D44-4BFA-A333-C480DBC10F71}.Ad-Hoc|iPhoneSimulator.Deploy.0 = Release|x64
		{5628E376-4D44-4BFA-A333-C480DBC10F71}.Ad-Hoc|x64.ActiveCfg = Release|x64
		{5628E376-4D44-4BFA-A333-C480DBC10F71}.Ad-Hoc|x64.Build.0 = Release|x64
		{5628E376-4D44-4BFA-A333-C480DBC10F71}.Ad-Hoc|x64.Deploy.0 = Release|x64
		{5628E376-4D44-4BFA-A333-C480DBC10F71}.Ad-Hoc|x86.ActiveCfg = Release|x86
		{5628E376-4D44-4BFA-A333-C480DBC10F71}.Ad-Hoc|x86.Build.0 = Release|x86
		{5628E376-4D44-4BFA-A333-C480DBC10F71}.Ad-Hoc|x86.Deploy.0 = Release|x86
		{5628E376-4D44-4BFA-A333-C480DBC10F71}.AppStore|Any CPU.ActiveCfg = Release|x64
		{5628E376-4D44-4BFA-A333-C480DBC10F71}.AppStore|Any CPU.Build.0 = Release|x64
		{5628E376-4D44-4BFA-A333-C480DBC10F71}.AppStore|Any CPU.Deploy.0 = Release|x64
		{5628E376-4D44-4BFA-A333-C480DBC10F71}.AppStore|ARM.ActiveCfg = Release|ARM
		{5628E376-4D44-4BFA-A333-C480DBC10F71}.AppStore|ARM.Build.0 = Release|ARM
		{5628E376-4D44-4BFA-A333-C480DBC10F71}.AppStore|ARM.Deploy.0 = Release|ARM
		{5628E376-4D44-4BFA-A333-C480DBC10F71}.AppStore|ARM64.ActiveCfg = Release|ARM64
		{5628E376-4D44-4BFA-A333-C480DBC10F71}.AppStore|ARM64.Build.0 = Release|ARM64
		{5628E376-4D44-4BFA-A333-C480DBC10F71}.AppStore|ARM64.Deploy.0 = Release|ARM64
		{5628E376-4D44-4BFA-A333-C480DBC10F71}.AppStore|iPhone.ActiveCfg = Release|x64
		{5628E376-4D44-4BFA-A333-C480DBC10F71}.AppStore|iPhone.Build.0 = Release|x64
		{5628E376-4D44-4BFA-A333-C480DBC10F71}.AppStore|iPhone.Deploy.0 = Release|x64
		{5628E376-4D44-4BFA-A333-C480DBC10F71}.AppStore|iPhoneSimulator.ActiveCfg = Release|x64
		{5628E376-4D44-4BFA-A333-C480DBC10F71}.AppStore|iPhoneSimulator.Build.0 = Release|x64
		{5628E376-4D44-4BFA-A333-C480DBC10F71}.AppStore|iPhoneSimulator.Deploy.0 = Release|x64
		{5628E376-4D44-4BFA-A333-C480DBC10F71}.AppStore|x64.ActiveCfg = Release|x64
		{5628E376-4D44-4BFA-A333-C480DBC10F71}.AppStore|x64.Build.0 = Release|x64
		{5628E376-4D44-4BFA-A333-C480DBC10F71}.AppStore|x64.Deploy.0 = Release|x64
		{5628E376-4D44-4BFA-A333-C480DBC10F71}.AppStore|x86.ActiveCfg = Release|x86
		{5628E376-4D44-4BFA-A333-C480DBC10F71}.AppStore|x86.Build.0 = Release|x86
		{5628E376-4D44-4BFA-A333-C480DBC10F71}.AppStore|x86.Deploy.0 = Release|x86
		{5628E376-4D44-4BFA-A333-C480DBC10F71}.Debug|Any CPU.ActiveCfg = Debug|x86
		{5628E376-4D44-4BFA-A333-C480DBC10F71}.Debug|ARM.ActiveCfg = Debug|ARM
		{5628E376-4D44-4BFA-A333-C480DBC10F71}.Debug|ARM.Build.0 = Debug|ARM
		{5628E376-4D44-4BFA-A333-C480DBC10F71}.Debug|ARM.Deploy.0 = Debug|ARM
		{5628E376-4D44-4BFA-A333-C480DBC10F71}.Debug|ARM64.ActiveCfg = Debug|ARM64
		{5628E376-4D44-4BFA-A333-C480DBC10F71}.Debug|ARM64.Build.0 = Debug|ARM64
		{5628E376-4D44-4BFA-A333-C480DBC10F71}.Debug|ARM64.Deploy.0 = Debug|ARM64
		{5628E376-4D44-4BFA-A333-C480DBC10F71}.Debug|iPhone.ActiveCfg = Debug|x86
		{5628E376-4D44-4BFA-A333-C480DBC10F71}.Debug|iPhoneSimulator.ActiveCfg = Debug|x86
		{5628E376-4D44-4BFA-A333-C480DBC10F71}.Debug|x64.ActiveCfg = Debug|x64
		{5628E376-4D44-4BFA-A333-C480DBC10F71}.Debug|x64.Build.0 = Debug|x64
		{5628E376-4D44-4BFA-A333-C480DBC10F71}.Debug|x64.Deploy.0 = Debug|x64
		{5628E376-4D44-4BFA-A333-C480DBC10F71}.Debug|x86.ActiveCfg = Debug|x86
		{5628E376-4D44-4BFA-A333-C480DBC10F71}.Debug|x86.Build.0 = Debug|x86
		{5628E376-4D44-4BFA-A333-C480DBC10F71}.Debug|x86.Deploy.0 = Debug|x86
		{5628E376-4D44-4BFA-A333-C480DBC10F71}.Release|Any CPU.ActiveCfg = Release|x86
		{5628E376-4D44-4BFA-A333-C480DBC10F71}.Release|ARM.ActiveCfg = Release|ARM
		{5628E376-4D44-4BFA-A333-C480DBC10F71}.Release|ARM.Build.0 = Release|ARM
		{5628E376-4D44-4BFA-A333-C480DBC10F71}.Release|ARM.Deploy.0 = Release|ARM
		{5628E376-4D44-4BFA-A333-C480DBC10F71}.Release|ARM64.ActiveCfg = Release|ARM64
		{5628E376-4D44-4BFA-A333-C480DBC10F71}.Release|ARM64.Build.0 = Release|ARM64
		{5628E376-4D44-4BFA-A333-C480DBC10F71}.Release|ARM64.Deploy.0 = Release|ARM64
		{5628E376-4D44-4BFA-A333-C480DBC10F71}.Release|iPhone.ActiveCfg = Release|x86
		{5628E376-4D44-4BFA-A333-C480DBC10F71}.Release|iPhoneSimulator.ActiveCfg = Release|x86
		{5628E376-4D44-4BFA-A333-C480DBC10F71}.Release|x64.ActiveCfg = Release|x64
		{5628E376-4D44-4BFA-A333-C480DBC10F71}.Release|x64.Build.0 = Release|x64
		{5628E376-4D44-4BFA-A333-C480DBC10F71}.Release|x64.Deploy.0 = Release|x64
		{5628E376-4D44-4BFA-A333-C480DBC10F71}.Release|x86.ActiveCfg = Release|x86
		{5628E376-4D44-4BFA-A333-C480DBC10F71}.Release|x86.Build.0 = Release|x86
		{5628E376-4D44-4BFA-A333-C480DBC10F71}.Release|x86.Deploy.0 = Release|x86
	EndGlobalSection
	GlobalSection(SolutionProperties) = preSolution
		HideSolutionNode = FALSE
	EndGlobalSection
	GlobalSection(ExtensibilityGlobals) = postSolution
		SolutionGuid = {F6D05029-56B8-4E45-AF2D-0E76295DDBA2}
	EndGlobalSection
EndGlobal
